
Microsoft Visual Studio Solution File, Format Version 11.00
# Visual Studio 2010
Project("{FAE04EC0-301F-11D3-BF4B-00C04F79EFBC}") = "SharePoint_Link", "SharePoint_Link.csproj", "{28FE4E8B-AF36-4EEB-A224-25DF94A4F942}"
EndProject
Global
	GlobalSection(SolutionConfigurationPlatforms) = preSolution
		Debug|Any CPU = Debug|Any CPU
		Release|Any CPU = Release|Any CPU
	EndGlobalSection
	GlobalSection(ProjectConfigurationPlatforms) = postSolution
		{28FE4E8B-AF36-4EEB-A224-25DF94A4F942}.Debug|Any CPU.ActiveCfg = Debug|Any CPU
		{28FE4E8B-AF36-4EEB-A224-25DF94A4F942}.Debug|Any CPU.Build.0 = Debug|Any CPU
		{28FE4E8B-AF36-4EEB-A224-25DF94A4F942}.Release|Any CPU.ActiveCfg = Release|Any CPU
		{28FE4E8B-AF36-4EEB-A224-25DF94A4F942}.Release|Any CPU.Build.0 = Release|Any CPU
	EndGlobalSection
	GlobalSection(SolutionProperties) = preSolution
		HideSolutionNode = FALSE
	EndGlobalSection
EndGlobal
